# THIS IS AN AUTOGENERATED FILE. DO NOT EDIT THIS FILE DIRECTLY.
# yarn lockfile v1


lodash@^4.17.4:
  version "4.17.20"
  resolved "https://registry.yarnpkg.com/lodash/-/lodash-4.17.20.tgz#b44a9b6297bcb698f1c51a3545a2b3b368d59c52"
  integrity sha512-PlhdFcillOINfeV7Ni6oF1TAEayyZBoZ8bcshTHqOYJYlrqzRK5hagpagky5o4HfCzzd1TRkXPMFq6cKk9rGmA==

react-string-replace@^0.4.4:
  version "0.4.4"
  resolved "https://registry.yarnpkg.com/react-string-replace/-/react-string-replace-0.4.4.tgz#24006fbe0db573d5be583133df38b1a735cb4225"
  integrity sha512-FAMkhxmDpCsGTwTZg7p/2v+/GTmxAp73so3fbSvlAcBBX36ujiGRNEaM/1u+jiYQrArhns+7eE92g2pi5E5FUA==
  dependencies:
    lodash "^4.17.4"
